// !$*UTF8*$!
{
	archiveVersion = 1;
	classes = {
	};
	objectVersion = 50;
	objects = {

/* Begin PBXBuildFile section */
		CE8E8BCC2BA313D500447FD5 /* AppDelegate.swift in Sources */ = {isa = PBXBuildFile; fileRef = CE8E8BCB2BA313D500447FD5 /* AppDelegate.swift */; };
		CE8E8BCE2BA313D500447FD5 /* SceneDelegate.swift in Sources */ = {isa = PBXBuildFile; fileRef = CE8E8BCD2BA313D500447FD5 /* SceneDelegate.swift */; };
		CE8E8BD02BA313D500447FD5 /* ViewController.swift in Sources */ = {isa = PBXBuildFile; fileRef = CE8E8BCF2BA313D500447FD5 /* ViewController.swift */; };
		CE8E8BD32BA313D500447FD5 /* Main.storyboard in Resources */ = {isa = PBXBuildFile; fileRef = CE8E8BD12BA313D500447FD5 /* Main.storyboard */; };
		CE8E8BD52BA313E500447FD5 /* Assets.xcassets in Resources */ = {isa = PBXBuildFile; fileRef = CE8E8BD42BA313E500447FD5 /* Assets.xcassets */; };
		CE8E8BD82BA313E500447FD5 /* LaunchScreen.storyboard in Resources */ = {isa = PBXBuildFile; fileRef = CE8E8BD62BA313E500447FD5 /* LaunchScreen.storyboard */; };
		CE8E8BE32BA313E500447FD5 /* Exam_ProjectTests.swift in Sources */ = {isa = PBXBuildFile; fileRef = CE8E8BE22BA313E500447FD5 /* Exam_ProjectTests.swift */; };
		CE8E8BEE2BA313E500447FD5 /* Exam_ProjectUITests.swift in Sources */ = {isa = PBXBuildFile; fileRef = CE8E8BED2BA313E500447FD5 /* Exam_ProjectUITests.swift */; };
		CE8E8BFC2BA3192C00447FD5 /* 9267.jpg in Resources */ = {isa = PBXBuildFile; fileRef = CE8E8BFB2BA3192C00447FD5 /* 9267.jpg */; };
/* End PBXBuildFile section */

/* Begin PBXContainerItemProxy section */
		CE8E8BDF2BA313E500447FD5 /* PBXContainerItemProxy */ = {
			isa = PBXContainerItemProxy;
			containerPortal = CE8E8BC02BA313D500447FD5 /* Project object */;
			proxyType = 1;
			remoteGlobalIDString = CE8E8BC72BA313D500447FD5;
			remoteInfo = Exam_Project;
		};
		CE8E8BEA2BA313E500447FD5 /* PBXContainerItemProxy */ = {
			isa = PBXContainerItemProxy;
			containerPortal = CE8E8BC02BA313D500447FD5 /* Project object */;
			proxyType = 1;
			remoteGlobalIDString = CE8E8BC72BA313D500447FD5;
			remoteInfo = Exam_Project;
		};
/* End PBXContainerItemProxy section */

/* Begin PBXFileReference section */
		CE8E8BC82BA313D500447FD5 /* Exam_Project.app */ = {isa = PBXFileReference; explicitFileType = wrapper.application; includeInIndex = 0; path = Exam_Project.app; sourceTree = BUILT_PRODUCTS_DIR; };
		CE8E8BCB2BA313D500447FD5 /* AppDelegate.swift */ = {isa = PBXFileReference; lastKnownFileType = sourcecode.swift; path = AppDelegate.swift; sourceTree = "<group>"; };
		CE8E8BCD2BA313D500447FD5 /* SceneDelegate.swift */ = {isa = PBXFileReference; lastKnownFileType = sourcecode.swift; path = SceneDelegate.swift; sourceTree = "<group>"; };
		CE8E8BCF2BA313D500447FD5 /* ViewController.swift */ = {isa = PBXFileReference; lastKnownFileType = sourcecode.swift; path = ViewController.swift; sourceTree = "<group>"; };
		CE8E8BD22BA313D500447FD5 /* Base */ = {isa = PBXFileReference; lastKnownFileType = file.storyboard; name = Base; path = Base.lproj/Main.storyboard; sourceTree = "<group>"; };
		CE8E8BD42BA313E500447FD5 /* Assets.xcassets */ = {isa = PBXFileReference; lastKnownFileType = folder.assetcatalog; path = Assets.xcassets; sourceTree = "<group>"; };
		CE8E8BD72BA313E500447FD5 /* Base */ = {isa = PBXFileReference; lastKnownFileType = file.storyboard; name = Base; path = Base.lproj/LaunchScreen.storyboard; sourceTree = "<group>"; };
		CE8E8BD92BA313E500447FD5 /* Info.plist */ = {isa = PBXFileReference; lastKnownFileType = text.plist.xml; path = Info.plist; sourceTree = "<group>"; };
		CE8E8BDE2BA313E500447FD5 /* Exam_ProjectTests.xctest */ = {isa = PBXFileReference; explicitFileType = wrapper.cfbundle; includeInIndex = 0; path = Exam_ProjectTests.xctest; sourceTree = BUILT_PRODUCTS_DIR; };
		CE8E8BE22BA313E500447FD5 /* Exam_ProjectTests.swift */ = {isa = PBXFileReference; lastKnownFileType = sourcecode.swift; path = Exam_ProjectTests.swift; sourceTree = "<group>"; };
		CE8E8BE42BA313E500447FD5 /* Info.plist */ = {isa = PBXFileReference; lastKnownFileType = text.plist.xml; path = Info.plist; sourceTree = "<group>"; };
		CE8E8BE92BA313E500447FD5 /* Exam_ProjectUITests.xctest */ = {isa = PBXFileReference; explicitFileType = wrapper.cfbundle; includeInIndex = 0; path = Exam_ProjectUITests.xctest; sourceTree = BUILT_PRODUCTS_DIR; };
		CE8E8BED2BA313E500447FD5 /* Exam_ProjectUITests.swift */ = {isa = PBXFileReference; lastKnownFileType = sourcecode.swift; path = Exam_ProjectUITests.swift; sourceTree = "<group>"; };
		CE8E8BEF2BA313E500447FD5 /* Info.plist */ = {isa = PBXFileReference; lastKnownFileType = text.plist.xml; path = Info.plist; sourceTree = "<group>"; };
		CE8E8BFB2BA3192C00447FD5 /* 9267.jpg */ = {isa = PBXFileReference; lastKnownFileType = image.jpeg; name = 9267.jpg; path = ../../back/9267.jpg; sourceTree = "<group>"; };
/* End PBXFileReference section */

/* Begin PBXFrameworksBuildPhase section */
		CE8E8BC52BA313D500447FD5 /* Frameworks */ = {
			isa = PBXFrameworksBuildPhase;
			buildActionMask = 2147483647;
			files = (
			);
			runOnlyForDeploymentPostprocessing = 0;
		};
		CE8E8BDB2BA313E500447FD5 /* Frameworks */ = {
			isa = PBXFrameworksBuildPhase;
			buildActionMask = 2147483647;
			files = (
			);
			runOnlyForDeploymentPostprocessing = 0;
		};
		CE8E8BE62BA313E500447FD5 /* Frameworks */ = {
			isa = PBXFrameworksBuildPhase;
			buildActionMask = 2147483647;
			files = (
			);
			runOnlyForDeploymentPostprocessing = 0;
		};
/* End PBXFrameworksBuildPhase section */

/* Begin PBXGroup section */
		CE8E8BBF2BA313D500447FD5 = {
			isa = PBXGroup;
			children = (
				CE8E8BCA2BA313D500447FD5 /* Exam_Project */,
				CE8E8BE12BA313E500447FD5 /* Exam_ProjectTests */,
				CE8E8BEC2BA313E500447FD5 /* Exam_ProjectUITests */,
				CE8E8BC92BA313D500447FD5 /* Products */,
				CE8E8BFB2BA3192C00447FD5 /* 9267.jpg */,
			);
			sourceTree = "<group>";
		};
		CE8E8BC92BA313D500447FD5 /* Products */ = {
			isa = PBXGroup;
			children = (
				CE8E8BC82BA313D500447FD5 /* Exam_Project.app */,
				CE8E8BDE2BA313E500447FD5 /* Exam_ProjectTests.xctest */,
				CE8E8BE92BA313E500447FD5 /* Exam_ProjectUITests.xctest */,
			);
			name = Products;
			sourceTree = "<group>";
		};
		CE8E8BCA2BA313D500447FD5 /* Exam_Project */ = {
			isa = PBXGroup;
			children = (
				CE8E8BCB2BA313D500447FD5 /* AppDelegate.swift */,
				CE8E8BCD2BA313D500447FD5 /* SceneDelegate.swift */,
				CE8E8BCF2BA313D500447FD5 /* ViewController.swift */,
				CE8E8BD12BA313D500447FD5 /* Main.storyboard */,
				CE8E8BD42BA313E500447FD5 /* Assets.xcassets */,
				CE8E8BD62BA313E500447FD5 /* LaunchScreen.storyboard */,
				CE8E8BD92BA313E500447FD5 /* Info.plist */,
			);
			path = Exam_Project;
			sourceTree = "<group>";
		};
		CE8E8BE12BA313E500447FD5 /* Exam_ProjectTests */ = {
			isa = PBXGroup;
			children = (
				CE8E8BE22BA313E500447FD5 /* Exam_ProjectTests.swift */,
				CE8E8BE42BA313E500447FD5 /* Info.plist */,
			);
			path = Exam_ProjectTests;
			sourceTree = "<group>";
		};
		CE8E8BEC2BA313E500447FD5 /* Exam_ProjectUITests */ = {
			isa = PBXGroup;
			children = (
				CE8E8BED2BA313E500447FD5 /* Exam_ProjectUITests.swift */,
				CE8E8BEF2BA313E500447FD5 /* Info.plist */,
			);
			path = Exam_ProjectUITests;
			sourceTree = "<group>";
		};
/* End PBXGroup section */

/* Begin PBXNativeTarget section */
		CE8E8BC72BA313D500447FD5 /* Exam_Project */ = {
			isa = PBXNativeTarget;
			buildConfigurationList = CE8E8BF22BA313E500447FD5 /* Build configuration list for PBXNativeTarget "Exam_Project" */;
			buildPhases = (
				CE8E8BC42BA313D500447FD5 /* Sources */,
				CE8E8BC52BA313D500447FD5 /* Frameworks */,
				CE8E8BC62BA313D500447FD5 /* Resources */,
			);
			buildRules = (
			);
			dependencies = (
			);
			name = Exam_Project;
			productName = Exam_Project;
			productReference = CE8E8BC82BA313D500447FD5 /* Exam_Project.app */;
			productType = "com.apple.product-type.application";
		};
		CE8E8BDD2BA313E500447FD5 /* Exam_ProjectTests */ = {
			isa = PBXNativeTarget;
			buildConfigurationList = CE8E8BF52BA313E500447FD5 /* Build configuration list for PBXNativeTarget "Exam_ProjectTests" */;
			buildPhases = (
				CE8E8BDA2BA313E500447FD5 /* Sources */,
				CE8E8BDB2BA313E500447FD5 /* Frameworks */,
				CE8E8BDC2BA313E500447FD5 /* Resources */,
			);
			buildRules = (
			);
			dependencies = (
				CE8E8BE02BA313E500447FD5 /* PBXTargetDependency */,
			);
			name = Exam_ProjectTests;
			productName = Exam_ProjectTests;
			productReference = CE8E8BDE2BA313E500447FD5 /* Exam_ProjectTests.xctest */;
			productType = "com.apple.product-type.bundle.unit-test";
		};
		CE8E8BE82BA313E500447FD5 /* Exam_ProjectUITests */ = {
			isa = PBXNativeTarget;
			buildConfigurationList = CE8E8BF82BA313E500447FD5 /* Build configuration list for PBXNativeTarget "Exam_ProjectUITests" */;
			buildPhases = (
				CE8E8BE52BA313E500447FD5 /* Sources */,
				CE8E8BE62BA313E500447FD5 /* Frameworks */,
				CE8E8BE72BA313E500447FD5 /* Resources */,
			);
			buildRules = (
			);
			dependencies = (
				CE8E8BEB2BA313E500447FD5 /* PBXTargetDependency */,
			);
			name = Exam_ProjectUITests;
			productName = Exam_ProjectUITests;
			productReference = CE8E8BE92BA313E500447FD5 /* Exam_ProjectUITests.xctest */;
			productType = "com.apple.product-type.bundle.ui-testing";
		};
/* End PBXNativeTarget section */

/* Begin PBXProject section */
		CE8E8BC02BA313D500447FD5 /* Project object */ = {
			isa = PBXProject;
			attributes = {
				LastSwiftUpdateCheck = 1130;
				LastUpgradeCheck = 1130;
				ORGANIZATIONNAME = user;
				TargetAttributes = {
					CE8E8BC72BA313D500447FD5 = {
						CreatedOnToolsVersion = 11.3.1;
					};
					CE8E8BDD2BA313E500447FD5 = {
						CreatedOnToolsVersion = 11.3.1;
						TestTargetID = CE8E8BC72BA313D500447FD5;
					};
					CE8E8BE82BA313E500447FD5 = {
						CreatedOnToolsVersion = 11.3.1;
						TestTargetID = CE8E8BC72BA313D500447FD5;
					};
				};
			};
			buildConfigurationList = CE8E8BC32BA313D500447FD5 /* Build configuration list for PBXProject "Exam_Project" */;
			compatibilityVersion = "Xcode 9.3";
			developmentRegion = en;
			hasScannedForEncodings = 0;
			knownRegions = (
				en,
				Base,
			);
			mainGroup = CE8E8BBF2BA313D500447FD5;
			productRefGroup = CE8E8BC92BA313D500447FD5 /* Products */;
			projectDirPath = "";
			projectRoot = "";
			targets = (
				CE8E8BC72BA313D500447FD5 /* Exam_Project */,
				CE8E8BDD2BA313E500447FD5 /* Exam_ProjectTests */,
				CE8E8BE82BA313E500447FD5 /* Exam_ProjectUITests */,
			);
		};
/* End PBXProject section */

/* Begin PBXResourcesBuildPhase section */
		CE8E8BC62BA313D500447FD5 /* Resources */ = {
			isa = PBXResourcesBuildPhase;
			buildActionMask = 2147483647;
			files = (
				CE8E8BD82BA313E500447FD5 /* LaunchScreen.storyboard in Resources */,
				CE8E8BD52BA313E500447FD5 /* Assets.xcassets in Resources */,
				CE8E8BD32BA313D500447FD5 /* Main.storyboard in Resources */,
				CE8E8BFC2BA3192C00447FD5 /* 9267.jpg in Resources */,
			);
			runOnlyForDeploymentPostprocessing = 0;
		};
		CE8E8BDC2BA313E500447FD5 /* Resources */ = {
			isa = PBXResourcesBuildPhase;
			buildActionMask = 2147483647;
			files = (
			);
			runOnlyForDeploymentPostprocessing = 0;
		};
		CE8E8BE72BA313E500447FD5 /* Resources */ = {
			isa = PBXResourcesBuildPhase;
			buildActionMask = 2147483647;
			files = (
			);
			runOnlyForDeploymentPostprocessing = 0;
		};
/* End PBXResourcesBuildPhase section */

/* Begin PBXSourcesBuildPhase section */
		CE8E8BC42BA313D500447FD5 /* Sources */ = {
			isa = PBXSourcesBuildPhase;
			buildActionMask = 2147483647;
			files = (
				CE8E8BD02BA313D500447FD5 /* ViewController.swift in Sources */,
				CE8E8BCC2BA313D500447FD5 /* AppDelegate.swift in Sources */,
				CE8E8BCE2BA313D500447FD5 /* SceneDelegate.swift in Sources */,
			);
			runOnlyForDeploymentPostprocessing = 0;
		};
		CE8E8BDA2BA313E500447FD5 /* Sources */ = {
			isa = PBXSourcesBuildPhase;
			buildActionMask = 2147483647;
			files = (
				CE8E8BE32BA313E500447FD5 /* Exam_ProjectTests.swift in Sources */,
			);
			runOnlyForDeploymentPostprocessing = 0;
		};
		CE8E8BE52BA313E500447FD5 /* Sources */ = {
			isa = PBXSourcesBuildPhase;
			buildActionMask = 2147483647;
			files = (
				CE8E8BEE2BA313E500447FD5 /* Exam_ProjectUITests.swift in Sources */,
			);
			runOnlyForDeploymentPostprocessing = 0;
		};
/* End PBXSourcesBuildPhase section */

/* Begin PBXTargetDependency section */
		CE8E8BE02BA313E500447FD5 /* PBXTargetDependency */ = {
			isa = PBXTargetDependency;
			target = CE8E8BC72BA313D500447FD5 /* Exam_Project */;
			targetProxy = CE8E8BDF2BA313E500447FD5 /* PBXContainerItemProxy */;
		};
		CE8E8BEB2BA313E500447FD5 /* PBXTargetDependency */ = {
			isa = PBXTargetDependency;
			target = CE8E8BC72BA313D500447FD5 /* Exam_Project */;
			targetProxy = CE8E8BEA2BA313E500447FD5 /* PBXContainerItemProxy */;
		};
/* End PBXTargetDependency section */

/* Begin PBXVariantGroup section */
		CE8E8BD12BA313D500447FD5 /* Main.storyboard */ = {
			isa = PBXVariantGroup;
			children = (
				CE8E8BD22BA313D500447FD5 /* Base */,
			);
			name = Main.storyboard;
			sourceTree = "<group>";
		};
		CE8E8BD62BA313E500447FD5 /* LaunchScreen.storyboard */ = {
			isa = PBXVariantGroup;
			children = (
				CE8E8BD72BA313E500447FD5 /* Base */,
			);
			name = LaunchScreen.storyboard;
			sourceTree = "<group>";
		};
/* End PBXVariantGroup section */

/* Begin XCBuildConfiguration section */
		CE8E8BF02BA313E500447FD5 /* Debug */ = {
			isa = XCBuildConfiguration;
			buildSettings = {
				ALWAYS_SEARCH_USER_PATHS = NO;
				CLANG_ANALYZER_NONNULL = YES;
				CLANG_ANALYZER_NUMBER_OBJECT_CONVERSION = YES_AGGRESSIVE;
				CLANG_CXX_LANGUAGE_STANDARD = "gnu++14";
				CLANG_CXX_LIBRARY = "libc++";
				CLANG_ENABLE_MODULES = YES;
				CLANG_ENABLE_OBJC_ARC = YES;
				CLANG_ENABLE_OBJC_WEAK = YES;
				CLANG_WARN_BLOCK_CAPTURE_AUTORELEASING = YES;
				CLANG_WARN_BOOL_CONVERSION = YES;
				CLANG_WARN_COMMA = YES;
				CLANG_WARN_CONSTANT_CONVERSION = YES;
				CLANG_WARN_DEPRECATED_OBJC_IMPLEMENTATIONS = YES;
				CLANG_WARN_DIRECT_OBJC_ISA_USAGE = YES_ERROR;
				CLANG_WARN_DOCUMENTATION_COMMENTS = YES;
				CLANG_WARN_EMPTY_BODY = YES;
				CLANG_WARN_ENUM_CONVERSION = YES;
				CLANG_WARN_INFINITE_RECURSION = YES;
				CLANG_WARN_INT_CONVERSION = YES;
				CLANG_WARN_NON_LITERAL_NULL_CONVERSION = YES;
				CLANG_WARN_OBJC_IMPLICIT_RETAIN_SELF = YES;
				CLANG_WARN_OBJC_LITERAL_CONVERSION = YES;
				CLANG_WARN_OBJC_ROOT_CLASS = YES_ERROR;
				CLANG_WARN_RANGE_LOOP_ANALYSIS = YES;
				CLANG_WARN_STRICT_PROTOTYPES = YES;
				CLANG_WARN_SUSPICIOUS_MOVE = YES;
				CLANG_WARN_UNGUARDED_AVAILABILITY = YES_AGGRESSIVE;
				CLANG_WARN_UNREACHABLE_CODE = YES;
				CLANG_WARN__DUPLICATE_METHOD_MATCH = YES;
				COPY_PHASE_STRIP = NO;
				DEBUG_INFORMATION_FORMAT = dwarf;
				ENABLE_STRICT_OBJC_MSGSEND = YES;
				ENABLE_TESTABILITY = YES;
				GCC_C_LANGUAGE_STANDARD = gnu11;
				GCC_DYNAMIC_NO_PIC = NO;
				GCC_NO_COMMON_BLOCKS = YES;
				GCC_OPTIMIZATION_LEVEL = 0;
				GCC_PREPROCESSOR_DEFINITIONS = (
					"DEBUG=1",
					"$(inherited)",
				);
				GCC_WARN_64_TO_32_BIT_CONVERSION = YES;
				GCC_WARN_ABOUT_RETURN_TYPE = YES_ERROR;
				GCC_WARN_UNDECLARED_SELECTOR = YES;
				GCC_WARN_UNINITIALIZED_AUTOS = YES_AGGRESSIVE;
				GCC_WARN_UNUSED_FUNCTION = YES;
				GCC_WARN_UNUSED_VARIABLE = YES;
				IPHONEOS_DEPLOYMENT_TARGET = 13.2;
				MTL_ENABLE_DEBUG_INFO = INCLUDE_SOURCE;
				MTL_FAST_MATH = YES;
				ONLY_ACTIVE_ARCH = YES;
				SDKROOT = iphoneos;
				SWIFT_ACTIVE_COMPILATION_CONDITIONS = DEBUG;
				SWIFT_OPTIMIZATION_LEVEL = "-Onone";
			};
			name = Debug;
		};
		CE8E8BF12BA313E500447FD5 /* Release */ = {
			isa = XCBuildConfiguration;
			buildSettings = {
				ALWAYS_SEARCH_USER_PATHS = NO;
				CLANG_ANALYZER_NONNULL = YES;
				CLANG_ANALYZER_NUMBER_OBJECT_CONVERSION = YES_AGGRESSIVE;
				CLANG_CXX_LANGUAGE_STANDARD = "gnu++14";
				CLANG_CXX_LIBRARY = "libc++";
				CLANG_ENABLE_MODULES = YES;
				CLANG_ENABLE_OBJC_ARC = YES;
				CLANG_ENABLE_OBJC_WEAK = YES;
				CLANG_WARN_BLOCK_CAPTURE_AUTORELEASING = YES;
				CLANG_WARN_BOOL_CONVERSION = YES;
				CLANG_WARN_COMMA = YES;
				CLANG_WARN_CONSTANT_CONVERSION = YES;
				CLANG_WARN_DEPRECATED_OBJC_IMPLEMENTATIONS = YES;
				CLANG_WARN_DIRECT_OBJC_ISA_USAGE = YES_ERROR;
				CLANG_WARN_DOCUMENTATION_COMMENTS = YES;
				CLANG_WARN_EMPTY_BODY = YES;
				CLANG_WARN_ENUM_CONVERSION = YES;
				CLANG_WARN_INFINITE_RECURSION = YES;
				CLANG_WARN_INT_CONVERSION = YES;
				CLANG_WARN_NON_LITERAL_NULL_CONVERSION = YES;
				CLANG_WARN_OBJC_IMPLICIT_RETAIN_SELF = YES;
				CLANG_WARN_OBJC_LITERAL_CONVERSION = YES;
				CLANG_WARN_OBJC_ROOT_CLASS = YES_ERROR;
				CLANG_WARN_RANGE_LOOP_ANALYSIS = YES;
				CLANG_WARN_STRICT_PROTOTYPES = YES;
				CLANG_WARN_SUSPICIOUS_MOVE = YES;
				CLANG_WARN_UNGUARDED_AVAILABILITY = YES_AGGRESSIVE;
				CLANG_WARN_UNREACHABLE_CODE = YES;
				CLANG_WARN__DUPLICATE_METHOD_MATCH = YES;
				COPY_PHASE_STRIP = NO;
				DEBUG_INFORMATION_FORMAT = "dwarf-with-dsym";
				ENABLE_NS_ASSERTIONS = NO;
				ENABLE_STRICT_OBJC_MSGSEND = YES;
				GCC_C_LANGUAGE_STANDARD = gnu11;
				GCC_NO_COMMON_BLOCKS = YES;
				GCC_WARN_64_TO_32_BIT_CONVERSION = YES;
				GCC_WARN_ABOUT_RETURN_TYPE = YES_ERROR;
				GCC_WARN_UNDECLARED_SELECTOR = YES;
				GCC_WARN_UNINITIALIZED_AUTOS = YES_AGGRESSIVE;
				GCC_WARN_UNUSED_FUNCTION = YES;
				GCC_WARN_UNUSED_VARIABLE = YES;
				IPHONEOS_DEPLOYMENT_TARGET = 13.2;
				MTL_ENABLE_DEBUG_INFO = NO;
				MTL_FAST_MATH = YES;
				SDKROOT = iphoneos;
				SWIFT_COMPILATION_MODE = wholemodule;
				SWIFT_OPTIMIZATION_LEVEL = "-O";
				VALIDATE_PRODUCT = YES;
			};
			name = Release;
		};
		CE8E8BF32BA313E500447FD5 /* Debug */ = {
			isa = XCBuildConfiguration;
			buildSettings = {
				ASSETCATALOG_COMPILER_APPICON_NAME = AppIcon;
				CODE_SIGN_STYLE = Automatic;
				INFOPLIST_FILE = Exam_Project/Info.plist;
				LD_RUNPATH_SEARCH_PATHS = (
					"$(inherited)",
					"@executable_path/Frameworks",
				);
				PRODUCT_BUNDLE_IDENTIFIER = "-234.Exam-Project";
				PRODUCT_NAME = "$(TARGET_NAME)";
				SWIFT_VERSION = 5.0;
				TARGETED_DEVICE_FAMILY = "1,2";
			};
			name = Debug;
		};
		CE8E8BF42BA313E500447FD5 /* Release */ = {
			isa = XCBuildConfiguration;
			buildSettings = {
				ASSETCATALOG_COMPILER_APPICON_NAME = AppIcon;
				CODE_SIGN_STYLE = Automatic;
				INFOPLIST_FILE = Exam_Project/Info.plist;
				LD_RUNPATH_SEARCH_PATHS = (
					"$(inherited)",
					"@executable_path/Frameworks",
				);
				PRODUCT_BUNDLE_IDENTIFIER = "-234.Exam-Project";
				PRODUCT_NAME = "$(TARGET_NAME)";
				SWIFT_VERSION = 5.0;
				TARGETED_DEVICE_FAMILY = "1,2";
			};
			name = Release;
		};
		CE8E8BF62BA313E500447FD5 /* Debug */ = {
			isa = XCBuildConfiguration;
			buildSettings = {
				ALWAYS_EMBED_SWIFT_STANDARD_LIBRARIES = YES;
				BUNDLE_LOADER = "$(TEST_HOST)";
				CODE_SIGN_STYLE = Automatic;
				INFOPLIST_FILE = Exam_ProjectTests/Info.plist;
				IPHONEOS_DEPLOYMENT_TARGET = 13.2;
				LD_RUNPATH_SEARCH_PATHS = (
					"$(inherited)",
					"@executable_path/Frameworks",
					"@loader_path/Frameworks",
				);
				PRODUCT_BUNDLE_IDENTIFIER = "-234.Exam-ProjectTests";
				PRODUCT_NAME = "$(TARGET_NAME)";
				SWIFT_VERSION = 5.0;
				TARGETED_DEVICE_FAMILY = "1,2";
				TEST_HOST = "$(BUILT_PRODUCTS_DIR)/Exam_Project.app/Exam_Project";
			};
			name = Debug;
		};
		CE8E8BF72BA313E500447FD5 /* Release */ = {
			isa = XCBuildConfiguration;
			buildSettings = {
				ALWAYS_EMBED_SWIFT_STANDARD_LIBRARIES = YES;
				BUNDLE_LOADER = "$(TEST_HOST)";
				CODE_SIGN_STYLE = Automatic;
				INFOPLIST_FILE = Exam_ProjectTests/Info.plist;
				IPHONEOS_DEPLOYMENT_TARGET = 13.2;
				LD_RUNPATH_SEARCH_PATHS = (
					"$(inherited)",
					"@executable_path/Frameworks",
					"@loader_path/Frameworks",
				);
				PRODUCT_BUNDLE_IDENTIFIER = "-234.Exam-ProjectTests";
				PRODUCT_NAME = "$(TARGET_NAME)";
				SWIFT_VERSION = 5.0;
				TARGETED_DEVICE_FAMILY = "1,2";
				TEST_HOST = "$(BUILT_PRODUCTS_DIR)/Exam_Project.app/Exam_Project";
			};
			name = Release;
		};
		CE8E8BF92BA313E500447FD5 /* Debug */ = {
			isa = XCBuildConfiguration;
			buildSettings = {
				ALWAYS_EMBED_SWIFT_STANDARD_LIBRARIES = YES;
				CODE_SIGN_STYLE = Automatic;
				INFOPLIST_FILE = Exam_ProjectUITests/Info.plist;
				LD_RUNPATH_SEARCH_PATHS = (
					"$(inherited)",
					"@executable_path/Frameworks",
					"@loader_path/Frameworks",
				);
				PRODUCT_BUNDLE_IDENTIFIER = "-234.Exam-ProjectUITests";
				PRODUCT_NAME = "$(TARGET_NAME)";
				SWIFT_VERSION = 5.0;
				TARGETED_DEVICE_FAMILY = "1,2";
				TEST_TARGET_NAME = Exam_Project;
			};
			name = Debug;
		};
		CE8E8BFA2BA313E500447FD5 /* Release */ = {
			isa = XCBuildConfiguration;
			buildSettings = {
				ALWAYS_EMBED_SWIFT_STANDARD_LIBRARIES = YES;
				CODE_SIGN_STYLE = Automatic;
				INFOPLIST_FILE = Exam_ProjectUITests/Info.plist;
				LD_RUNPATH_SEARCH_PATHS = (
					"$(inherited)",
					"@executable_path/Frameworks",
					"@loader_path/Frameworks",
				);
				PRODUCT_BUNDLE_IDENTIFIER = "-234.Exam-ProjectUITests";
				PRODUCT_NAME = "$(TARGET_NAME)";
				SWIFT_VERSION = 5.0;
				TARGETED_DEVICE_FAMILY = "1,2";
				TEST_TARGET_NAME = Exam_Project;
			};
			name = Release;
		};
/* End XCBuildConfiguration section */

/* Begin XCConfigurationList section */
		CE8E8BC32BA313D500447FD5 /* Build configuration list for PBXProject "Exam_Project" */ = {
			isa = XCConfigurationList;
			buildConfigurations = (
				CE8E8BF02BA313E500447FD5 /* Debug */,
				CE8E8BF12BA313E500447FD5 /* Release */,
			);
			defaultConfigurationIsVisible = 0;
			defaultConfigurationName = Release;
		};
		CE8E8BF22BA313E500447FD5 /* Build configuration list for PBXNativeTarget "Exam_Project" */ = {
			isa = XCConfigurationList;
			buildConfigurations = (
				CE8E8BF32BA313E500447FD5 /* Debug */,
				CE8E8BF42BA313E500447FD5 /* Release */,
			);
			defaultConfigurationIsVisible = 0;
			defaultConfigurationName = Release;
		};
		CE8E8BF52BA313E500447FD5 /* Build configuration list for PBXNativeTarget "Exam_ProjectTests" */ = {
			isa = XCConfigurationList;
			buildConfigurations = (
				CE8E8BF62BA313E500447FD5 /* Debug */,
				CE8E8BF72BA313E500447FD5 /* Release */,
			);
			defaultConfigurationIsVisible = 0;
			defaultConfigurationName = Release;
		};
		CE8E8BF82BA313E500447FD5 /* Build configuration list for PBXNativeTarget "Exam_ProjectUITests" */ = {
			isa = XCConfigurationList;
			buildConfigurations = (
				CE8E8BF92BA313E500447FD5 /* Debug */,
				CE8E8BFA2BA313E500447FD5 /* Release */,
			);
			defaultConfigurationIsVisible = 0;
			defaultConfigurationName = Release;
		};
/* End XCConfigurationList section */
	};
	rootObject = CE8E8BC02BA313D500447FD5 /* Project object */;
}
